// !$*UTF8*$!
{
	archiveVersion = 1;
	classes = {
	};
	objectVersion = 48;
	objects = {

/* Begin PBXBuildFile section */
		DD3A64491EE6707500E3EE99 /* AppDelegate.swift in Sources */ = {isa = PBXBuildFile; fileRef = DD3A64481EE6707500E3EE99 /* AppDelegate.swift */; };
		DD3A644B1EE6707500E3EE99 /* art.scnassets in Resources */ = {isa = PBXBuildFile; fileRef = DD3A644A1EE6707500E3EE99 /* art.scnassets */; };
		DD3A644D1EE6707500E3EE99 /* ViewController.swift in Sources */ = {isa = PBXBuildFile; fileRef = DD3A644C1EE6707500E3EE99 /* ViewController.swift */; };
		DD3A64501EE6707500E3EE99 /* Main.storyboard in Resources */ = {isa = PBXBuildFile; fileRef = DD3A644E1EE6707500E3EE99 /* Main.storyboard */; };
		DD3A64521EE6707500E3EE99 /* Assets.xcassets in Resources */ = {isa = PBXBuildFile; fileRef = DD3A64511EE6707500E3EE99 /* Assets.xcassets */; };
		DD3A64551EE6707500E3EE99 /* LaunchScreen.storyboard in Resources */ = {isa = PBXBuildFile; fileRef = DD3A64531EE6707500E3EE99 /* LaunchScreen.storyboard */; };
		DD8AF1D51F7B1CF200B7DD4B /* MMDSceneKit_iOS.framework in Embed Frameworks */ = {isa = PBXBuildFile; fileRef = DD8AF1D41F7B1C9300B7DD4B /* MMDSceneKit_iOS.framework */; settings = {ATTRIBUTES = (CodeSignOnCopy, RemoveHeadersOnCopy, ); }; };
/* End PBXBuildFile section */

/* Begin PBXCopyFilesBuildPhase section */
		DD3A645F1EE6712700E3EE99 /* Embed Frameworks */ = {
			isa = PBXCopyFilesBuildPhase;
			buildActionMask = 2147483647;
			dstPath = "";
			dstSubfolderSpec = 10;
			files = (
				DD8AF1D51F7B1CF200B7DD4B /* MMDSceneKit_iOS.framework in Embed Frameworks */,
			);
			name = "Embed Frameworks";
			runOnlyForDeploymentPostprocessing = 0;
		};
/* End PBXCopyFilesBuildPhase section */

/* Begin PBXFileReference section */
		DD3A64451EE6707500E3EE99 /* ARKitWithMMD.app */ = {isa = PBXFileReference; explicitFileType = wrapper.application; includeInIndex = 0; path = ARKitWithMMD.app; sourceTree = BUILT_PRODUCTS_DIR; };
		DD3A64481EE6707500E3EE99 /* AppDelegate.swift */ = {isa = PBXFileReference; lastKnownFileType = sourcecode.swift; path = AppDelegate.swift; sourceTree = "<group>"; };
		DD3A644A1EE6707500E3EE99 /* art.scnassets */ = {isa = PBXFileReference; lastKnownFileType = wrapper.scnassets; path = art.scnassets; sourceTree = "<group>"; };
		DD3A644C1EE6707500E3EE99 /* ViewController.swift */ = {isa = PBXFileReference; lastKnownFileType = sourcecode.swift; path = ViewController.swift; sourceTree = "<group>"; };
		DD3A644F1EE6707500E3EE99 /* Base */ = {isa = PBXFileReference; lastKnownFileType = file.storyboard; name = Base; path = Base.lproj/Main.storyboard; sourceTree = "<group>"; };
		DD3A64511EE6707500E3EE99 /* Assets.xcassets */ = {isa = PBXFileReference; lastKnownFileType = folder.assetcatalog; path = Assets.xcassets; sourceTree = "<group>"; };
		DD3A64541EE6707500E3EE99 /* Base */ = {isa = PBXFileReference; lastKnownFileType = file.storyboard; name = Base; path = Base.lproj/LaunchScreen.storyboard; sourceTree = "<group>"; };
		DD3A64561EE6707500E3EE99 /* Info.plist */ = {isa = PBXFileReference; lastKnownFileType = text.plist.xml; path = Info.plist; sourceTree = "<group>"; };
		DD8AF1D41F7B1C9300B7DD4B /* MMDSceneKit_iOS.framework */ = {isa = PBXFileReference; lastKnownFileType = wrapper.framework; path = MMDSceneKit_iOS.framework; sourceTree = "<group>"; };
/* End PBXFileReference section */

/* Begin PBXFrameworksBuildPhase section */
		DD3A64421EE6707500E3EE99 /* Frameworks */ = {
			isa = PBXFrameworksBuildPhase;
			buildActionMask = 2147483647;
			files = (
			);
			runOnlyForDeploymentPostprocessing = 0;
		};
/* End PBXFrameworksBuildPhase section */

/* Begin PBXGroup section */
		DD3A643C1EE6707500E3EE99 = {
			isa = PBXGroup;
			children = (
				DD8AF1D41F7B1C9300B7DD4B /* MMDSceneKit_iOS.framework */,
				DD3A64471EE6707500E3EE99 /* ARKitWithMMD */,
				DD3A64461EE6707500E3EE99 /* Products */,
			);
			sourceTree = "<group>";
		};
		DD3A64461EE6707500E3EE99 /* Products */ = {
			isa = PBXGroup;
			children = (
				DD3A64451EE6707500E3EE99 /* ARKitWithMMD.app */,
			);
			name = Products;
			sourceTree = "<group>";
		};
		DD3A64471EE6707500E3EE99 /* ARKitWithMMD */ = {
			isa = PBXGroup;
			children = (
				DD3A64481EE6707500E3EE99 /* AppDelegate.swift */,
				DD3A644A1EE6707500E3EE99 /* art.scnassets */,
				DD3A644C1EE6707500E3EE99 /* ViewController.swift */,
				DD3A644E1EE6707500E3EE99 /* Main.storyboard */,
				DD3A64511EE6707500E3EE99 /* Assets.xcassets */,
				DD3A64531EE6707500E3EE99 /* LaunchScreen.storyboard */,
				DD3A64561EE6707500E3EE99 /* Info.plist */,
			);
			path = ARKitWithMMD;
			sourceTree = "<group>";
		};
/* End PBXGroup section */

/* Begin PBXNativeTarget section */
		DD3A64441EE6707500E3EE99 /* ARKitWithMMD */ = {
			isa = PBXNativeTarget;
			buildConfigurationList = DD3A64591EE6707500E3EE99 /* Build configuration list for PBXNativeTarget "ARKitWithMMD" */;
			buildPhases = (
				DD3A64411EE6707500E3EE99 /* Sources */,
				DD3A64421EE6707500E3EE99 /* Frameworks */,
				DD3A64431EE6707500E3EE99 /* Resources */,
				DD3A645F1EE6712700E3EE99 /* Embed Frameworks */,
			);
			buildRules = (
			);
			dependencies = (
			);
			name = ARKitWithMMD;
			productName = ARKitWithMMD;
			productReference = DD3A64451EE6707500E3EE99 /* ARKitWithMMD.app */;
			productType = "com.apple.product-type.application";
		};
/* End PBXNativeTarget section */

/* Begin PBXProject section */
		DD3A643D1EE6707500E3EE99 /* Project object */ = {
			isa = PBXProject;
			attributes = {
				LastSwiftUpdateCheck = 0900;
				LastUpgradeCheck = 0900;
				ORGANIZATIONNAME = DarkHorse;
				TargetAttributes = {
					DD3A64441EE6707500E3EE99 = {
						CreatedOnToolsVersion = 9.0;
					};
				};
			};
			buildConfigurationList = DD3A64401EE6707500E3EE99 /* Build configuration list for PBXProject "ARKitWithMMD" */;
			compatibilityVersion = "Xcode 8.0";
			developmentRegion = en;
			hasScannedForEncodings = 0;
			knownRegions = (
				en,
				Base,
			);
			mainGroup = DD3A643C1EE6707500E3EE99;
			productRefGroup = DD3A64461EE6707500E3EE99 /* Products */;
			projectDirPath = "";
			projectRoot = "";
			targets = (
				DD3A64441EE6707500E3EE99 /* ARKitWithMMD */,
			);
		};
/* End PBXProject section */

/* Begin PBXResourcesBuildPhase section */
		DD3A64431EE6707500E3EE99 /* Resources */ = {
			isa = PBXResourcesBuildPhase;
			buildActionMask = 2147483647;
			files = (
				DD3A644B1EE6707500E3EE99 /* art.scnassets in Resources */,
				DD3A64551EE6707500E3EE99 /* LaunchScreen.storyboard in Resources */,
				DD3A64521EE6707500E3EE99 /* Assets.xcassets in Resources */,
				DD3A64501EE6707500E3EE99 /* Main.storyboard in Resources */,
			);
			runOnlyForDeploymentPostprocessing = 0;
		};
/* End PBXResourcesBuildPhase section */

/* Begin PBXSourcesBuildPhase section */
		DD3A64411EE6707500E3EE99 /* Sources */ = {
			isa = PBXSourcesBuildPhase;
			buildActionMask = 2147483647;
			files = (
				DD3A644D1EE6707500E3EE99 /* ViewController.swift in Sources */,
				DD3A64491EE6707500E3EE99 /* AppDelegate.swift in Sources */,
			);
			runOnlyForDeploymentPostprocessing = 0;
		};
/* End PBXSourcesBuildPhase section */

/* Begin PBXVariantGroup section */
		DD3A644E1EE6707500E3EE99 /* Main.storyboard */ = {
			isa = PBXVariantGroup;
			children = (
				DD3A644F1EE6707500E3EE99 /* Base */,
			);
			name = Main.storyboard;
			sourceTree = "<group>";
		};
		DD3A64531EE6707500E3EE99 /* LaunchScreen.storyboard */ = {
			isa = PBXVariantGroup;
			children = (
				DD3A64541EE6707500E3EE99 /* Base */,
			);
			name = LaunchScreen.storyboard;
			sourceTree = "<group>";
		};
/* End PBXVariantGroup section */

/* Begin XCBuildConfiguration section */
		DD3A64571EE6707500E3EE99 /* Debug */ = {
			isa = XCBuildConfiguration;
			buildSettings = {
				ALWAYS_SEARCH_USER_PATHS = NO;
				CLANG_ANALYZER_NONNULL = YES;
				CLANG_ANALYZER_NUMBER_OBJECT_CONVERSION = YES_AGGRESSIVE;
				CLANG_CXX_LANGUAGE_STANDARD = "gnu++14";
				CLANG_CXX_LIBRARY = "libc++";
				CLANG_ENABLE_MODULES = YES;
				CLANG_ENABLE_OBJC_ARC = YES;
				CLANG_WARN_BLOCK_CAPTURE_AUTORELEASING = YES;
				CLANG_WARN_BOOL_CONVERSION = YES;
				CLANG_WARN_COMMA = YES;
				CLANG_WARN_CONSTANT_CONVERSION = YES;
				CLANG_WARN_DIRECT_OBJC_ISA_USAGE = YES_ERROR;
				CLANG_WARN_DOCUMENTATION_COMMENTS = YES;
				CLANG_WARN_EMPTY_BODY = YES;
				CLANG_WARN_ENUM_CONVERSION = YES;
				CLANG_WARN_INFINITE_RECURSION = YES;
				CLANG_WARN_INT_CONVERSION = YES;
				CLANG_WARN_OBJC_ROOT_CLASS = YES_ERROR;
				CLANG_WARN_RANGE_LOOP_ANALYSIS = YES;
				CLANG_WARN_STRICT_PROTOTYPES = YES;
				CLANG_WARN_SUSPICIOUS_MOVE = YES;
				CLANG_WARN_UNGUARDED_AVAILABILITY = YES_AGGRESSIVE;
				CLANG_WARN_UNREACHABLE_CODE = YES;
				CLANG_WARN__DUPLICATE_METHOD_MATCH = YES;
				CODE_SIGN_IDENTITY = "iPhone Developer";
				COPY_PHASE_STRIP = NO;
				DEBUG_INFORMATION_FORMAT = dwarf;
				ENABLE_STRICT_OBJC_MSGSEND = YES;
				ENABLE_TESTABILITY = YES;
				GCC_C_LANGUAGE_STANDARD = gnu11;
				GCC_DYNAMIC_NO_PIC = NO;
				GCC_NO_COMMON_BLOCKS = YES;
				GCC_OPTIMIZATION_LEVEL = 0;
				GCC_PREPROCESSOR_DEFINITIONS = (
					"DEBUG=1",
					"$(inherited)",
				);
				GCC_WARN_64_TO_32_BIT_CONVERSION = YES;
				GCC_WARN_ABOUT_RETURN_TYPE = YES_ERROR;
				GCC_WARN_UNDECLARED_SELECTOR = YES;
				GCC_WARN_UNINITIALIZED_AUTOS = YES_AGGRESSIVE;
				GCC_WARN_UNUSED_FUNCTION = YES;
				GCC_WARN_UNUSED_VARIABLE = YES;
				IPHONEOS_DEPLOYMENT_TARGET = 11.0;
				MTL_ENABLE_DEBUG_INFO = YES;
				ONLY_ACTIVE_ARCH = YES;
				SDKROOT = iphoneos;
				SWIFT_ACTIVE_COMPILATION_CONDITIONS = DEBUG;
				SWIFT_OPTIMIZATION_LEVEL = "-Onone";
			};
			name = Debug;
		};
		DD3A64581EE6707500E3EE99 /* Release */ = {
			isa = XCBuildConfiguration;
			buildSettings = {
				ALWAYS_SEARCH_USER_PATHS = NO;
				CLANG_ANALYZER_NONNULL = YES;
				CLANG_ANALYZER_NUMBER_OBJECT_CONVERSION = YES_AGGRESSIVE;
				CLANG_CXX_LANGUAGE_STANDARD = "gnu++14";
				CLANG_CXX_LIBRARY = "libc++";
				CLANG_ENABLE_MODULES = YES;
				CLANG_ENABLE_OBJC_ARC = YES;
				CLANG_WARN_BLOCK_CAPTURE_AUTORELEASING = YES;
				CLANG_WARN_BOOL_CONVERSION = YES;
				CLANG_WARN_COMMA = YES;
				CLANG_WARN_CONSTANT_CONVERSION = YES;
				CLANG_WARN_DIRECT_OBJC_ISA_USAGE = YES_ERROR;
				CLANG_WARN_DOCUMENTATION_COMMENTS = YES;
				CLANG_WARN_EMPTY_BODY = YES;
				CLANG_WARN_ENUM_CONVERSION = YES;
				CLANG_WARN_INFINITE_RECURSION = YES;
				CLANG_WARN_INT_CONVERSION = YES;
				CLANG_WARN_OBJC_ROOT_CLASS = YES_ERROR;
				CLANG_WARN_RANGE_LOOP_ANALYSIS = YES;
				CLANG_WARN_STRICT_PROTOTYPES = YES;
				CLANG_WARN_SUSPICIOUS_MOVE = YES;
				CLANG_WARN_UNGUARDED_AVAILABILITY = YES_AGGRESSIVE;
				CLANG_WARN_UNREACHABLE_CODE = YES;
				CLANG_WARN__DUPLICATE_METHOD_MATCH = YES;
				CODE_SIGN_IDENTITY = "iPhone Developer";
				COPY_PHASE_STRIP = NO;
				DEBUG_INFORMATION_FORMAT = "dwarf-with-dsym";
				ENABLE_NS_ASSERTIONS = NO;
				ENABLE_STRICT_OBJC_MSGSEND = YES;
				GCC_C_LANGUAGE_STANDARD = gnu11;
				GCC_NO_COMMON_BLOCKS = YES;
				GCC_WARN_64_TO_32_BIT_CONVERSION = YES;
				GCC_WARN_ABOUT_RETURN_TYPE = YES_ERROR;
				GCC_WARN_UNDECLARED_SELECTOR = YES;
				GCC_WARN_UNINITIALIZED_AUTOS = YES_AGGRESSIVE;
				GCC_WARN_UNUSED_FUNCTION = YES;
				GCC_WARN_UNUSED_VARIABLE = YES;
				IPHONEOS_DEPLOYMENT_TARGET = 11.0;
				MTL_ENABLE_DEBUG_INFO = NO;
				SDKROOT = iphoneos;
				SWIFT_OPTIMIZATION_LEVEL = "-Owholemodule";
				VALIDATE_PRODUCT = YES;
			};
			name = Release;
		};
		DD3A645A1EE6707500E3EE99 /* Debug */ = {
			isa = XCBuildConfiguration;
			buildSettings = {
				ASSETCATALOG_COMPILER_APPICON_NAME = AppIcon;
				DEVELOPMENT_TEAM = EF37D6UQZ9;
				FRAMEWORK_SEARCH_PATHS = (
					"$(inherited)",
					"$(PROJECT_DIR)",
				);
				INFOPLIST_FILE = ARKitWithMMD/Info.plist;
				LD_RUNPATH_SEARCH_PATHS = "$(inherited) @executable_path/Frameworks";
				PRODUCT_BUNDLE_IDENTIFIER = jp.0spec.ARKitWithMMD;
				PRODUCT_NAME = "$(TARGET_NAME)";
				SWIFT_VERSION = 4.0;
				TARGETED_DEVICE_FAMILY = "1,2";
			};
			name = Debug;
		};
		DD3A645B1EE6707500E3EE99 /* Release */ = {
			isa = XCBuildConfiguration;
			buildSettings = {
				ASSETCATALOG_COMPILER_APPICON_NAME = AppIcon;
				DEVELOPMENT_TEAM = EF37D6UQZ9;
				FRAMEWORK_SEARCH_PATHS = (
					"$(inherited)",
					"$(PROJECT_DIR)",
				);
				INFOPLIST_FILE = ARKitWithMMD/Info.plist;
				LD_RUNPATH_SEARCH_PATHS = "$(inherited) @executable_path/Frameworks";
				PRODUCT_BUNDLE_IDENTIFIER = jp.0spec.ARKitWithMMD;
				PRODUCT_NAME = "$(TARGET_NAME)";
				SWIFT_VERSION = 4.0;
				TARGETED_DEVICE_FAMILY = "1,2";
			};
			name = Release;
		};
/* End XCBuildConfiguration section */

/* Begin XCConfigurationList section */
		DD3A64401EE6707500E3EE99 /* Build configuration list for PBXProject "ARKitWithMMD" */ = {
			isa = XCConfigurationList;
			buildConfigurations = (
				DD3A64571EE6707500E3EE99 /* Debug */,
				DD3A64581EE6707500E3EE99 /* Release */,
			);
			defaultConfigurationIsVisible = 0;
			defaultConfigurationName = Release;
		};
		DD3A64591EE6707500E3EE99 /* Build configuration list for PBXNativeTarget "ARKitWithMMD" */ = {
			isa = XCConfigurationList;
			buildConfigurations = (
				DD3A645A1EE6707500E3EE99 /* Debug */,
				DD3A645B1EE6707500E3EE99 /* Release */,
			);
			defaultConfigurationIsVisible = 0;
			defaultConfigurationName = Release;
		};
/* End XCConfigurationList section */
	};
	rootObject = DD3A643D1EE6707500E3EE99 /* Project object */;
}
